
Microsoft Visual Studio Solution File, Format Version 12.00
# Visual Studio Version 17
VisualStudioVersion = 17.8.34511.84
MinimumVisualStudioVersion = 10.0.40219.1
Project("{FAE04EC0-301F-11D3-BF4B-00C04F79EFBC}") = "ChatConsoleApp", "ChatConsoleApp.csproj", "{6B7CC50B-E740-4DD5-A56A-903C1D8FDBD9}"
EndProject
Global
	GlobalSection(SolutionConfigurationPlatforms) = preSolution
		Debug|Any CPU = Debug|Any CPU
		Release|Any CPU = Release|Any CPU
	EndGlobalSection
	GlobalSection(ProjectConfigurationPlatforms) = postSolution
		{6B7CC50B-E740-4DD5-A56A-903C1D8FDBD9}.Debug|Any CPU.ActiveCfg = Debug|Any CPU
		{6B7CC50B-E740-4DD5-A56A-903C1D8FDBD9}.Debug|Any CPU.Build.0 = Debug|Any CPU
		{6B7CC50B-E740-4DD5-A56A-903C1D8FDBD9}.Release|Any CPU.ActiveCfg = Release|Any CPU
		{6B7CC50B-E740-4DD5-A56A-903C1D8FDBD9}.Release|Any CPU.Build.0 = Release|Any CPU
	EndGlobalSection
	GlobalSection(SolutionProperties) = preSolution
		HideSolutionNode = FALSE
	EndGlobalSection
	GlobalSection(ExtensibilityGlobals) = postSolution
		SolutionGuid = {B895E91F-8FAE-49C6-8ACF-256719AC460C}
	EndGlobalSection
EndGlobal
